
Microsoft Visual Studio Solution File, Format Version 12.00
# Visual Studio Version 16
VisualStudioVersion = 16.0.29806.167
MinimumVisualStudioVersion = 10.0.40219.1
Project("{FAE04EC0-301F-11D3-BF4B-00C04F79EFBC}") = "Contracts.KafkaMessages", "src\Contracts.KafkaMessages\Contracts.KafkaMessages.csproj", "{A214035D-3BDA-41BC-B428-7A79A3135BF3}"
EndProject
Global
	GlobalSection(SolutionConfigurationPlatforms) = preSolution
		Debug|Any CPU = Debug|Any CPU
		Release|Any CPU = Release|Any CPU
	EndGlobalSection
	GlobalSection(ProjectConfigurationPlatforms) = postSolution
		{A214035D-3BDA-41BC-B428-7A79A3135BF3}.Debug|Any CPU.ActiveCfg = Debug|Any CPU
		{A214035D-3BDA-41BC-B428-7A79A3135BF3}.Debug|Any CPU.Build.0 = Debug|Any CPU
		{A214035D-3BDA-41BC-B428-7A79A3135BF3}.Release|Any CPU.ActiveCfg = Release|Any CPU
		{A214035D-3BDA-41BC-B428-7A79A3135BF3}.Release|Any CPU.Build.0 = Release|Any CPU
	EndGlobalSection
	GlobalSection(SolutionProperties) = preSolution
		HideSolutionNode = FALSE
	EndGlobalSection
	GlobalSection(ExtensibilityGlobals) = postSolution
		SolutionGuid = {7D15F954-A395-4E51-9A13-95EA4F3B7533}
	EndGlobalSection
EndGlobal
